
Microsoft Visual Studio Solution File, Format Version 12.00
# Visual Studio Version 16
VisualStudioVersion = 16.0.29613.14
MinimumVisualStudioVersion = 10.0.40219.1
Project("{FAE04EC0-301F-11D3-BF4B-00C04F79EFBC}") = "Dapper_ADONET", "Dapper_ADONET\Dapper_ADONET.csproj", "{5AC4A0E7-6E47-4ECD-BBEA-AAC26777F306}"
EndProject
Global
	GlobalSection(SolutionConfigurationPlatforms) = preSolution
		Debug|Any CPU = Debug|Any CPU
		Release|Any CPU = Release|Any CPU
	EndGlobalSection
	GlobalSection(ProjectConfigurationPlatforms) = postSolution
		{5AC4A0E7-6E47-4ECD-BBEA-AAC26777F306}.Debug|Any CPU.ActiveCfg = Debug|Any CPU
		{5AC4A0E7-6E47-4ECD-BBEA-AAC26777F306}.Debug|Any CPU.Build.0 = Debug|Any CPU
		{5AC4A0E7-6E47-4ECD-BBEA-AAC26777F306}.Release|Any CPU.ActiveCfg = Release|Any CPU
		{5AC4A0E7-6E47-4ECD-BBEA-AAC26777F306}.Release|Any CPU.Build.0 = Release|Any CPU
	EndGlobalSection
	GlobalSection(SolutionProperties) = preSolution
		HideSolutionNode = FALSE
	EndGlobalSection
	GlobalSection(ExtensibilityGlobals) = postSolution
		SolutionGuid = {F6DCDD1E-37AA-45A7-AC8E-09DFAC1DEB3F}
	EndGlobalSection
EndGlobal
